
Microsoft Visual Studio Solution File, Format Version 12.00
# Visual Studio Version 17
VisualStudioVersion = 17.11.34929.205
MinimumVisualStudioVersion = 10.0.40219.1
Project("{2150E333-8FDC-42A3-9474-1A3956D46DE8}") = "Services", "Services", "{3DE2B983-3BD4-4D41-92C5-B8046ABC8A17}"
EndProject
Project("{2150E333-8FDC-42A3-9474-1A3956D46DE8}") = "Catalog", "Catalog", "{721840DE-78FC-46CF-8005-869A5F693C2C}"
EndProject
Project("{9A19103F-16F7-4668-BE54-9A1E7A4F7556}") = "Catalog.API", "Services\Catalog\Catalog.API\Catalog.API.csproj", "{46D697DD-7507-4E5A-9971-3A7B40ECCB31}"
EndProject
Project("{2150E333-8FDC-42A3-9474-1A3956D46DE8}") = "BuildingBlocks", "BuildingBlocks", "{5894DB6F-161C-4813-A091-0B5D3FEC2A31}"
EndProject
Project("{9A19103F-16F7-4668-BE54-9A1E7A4F7556}") = "BuildingBlocks", "BuildingBlocks\BuildingBlocks\BuildingBlocks.csproj", "{2579646E-403D-4795-9F40-C478C180980D}"
EndProject
Project("{E53339B2-1760-4266-BCC7-CA923CBCF16C}") = "docker-compose", "docker-compose.dcproj", "{B5982980-7AEB-47B9-A827-8DA0035012AA}"
EndProject
Global
	GlobalSection(SolutionConfigurationPlatforms) = preSolution
		Debug|Any CPU = Debug|Any CPU
		Release|Any CPU = Release|Any CPU
	EndGlobalSection
	GlobalSection(ProjectConfigurationPlatforms) = postSolution
		{46D697DD-7507-4E5A-9971-3A7B40ECCB31}.Debug|Any CPU.ActiveCfg = Debug|Any CPU
		{46D697DD-7507-4E5A-9971-3A7B40ECCB31}.Debug|Any CPU.Build.0 = Debug|Any CPU
		{46D697DD-7507-4E5A-9971-3A7B40ECCB31}.Release|Any CPU.ActiveCfg = Release|Any CPU
		{46D697DD-7507-4E5A-9971-3A7B40ECCB31}.Release|Any CPU.Build.0 = Release|Any CPU
		{2579646E-403D-4795-9F40-C478C180980D}.Debug|Any CPU.ActiveCfg = Debug|Any CPU
		{2579646E-403D-4795-9F40-C478C180980D}.Debug|Any CPU.Build.0 = Debug|Any CPU
		{2579646E-403D-4795-9F40-C478C180980D}.Release|Any CPU.ActiveCfg = Release|Any CPU
		{2579646E-403D-4795-9F40-C478C180980D}.Release|Any CPU.Build.0 = Release|Any CPU
		{B5982980-7AEB-47B9-A827-8DA0035012AA}.Debug|Any CPU.ActiveCfg = Debug|Any CPU
		{B5982980-7AEB-47B9-A827-8DA0035012AA}.Debug|Any CPU.Build.0 = Debug|Any CPU
		{B5982980-7AEB-47B9-A827-8DA0035012AA}.Release|Any CPU.ActiveCfg = Release|Any CPU
		{B5982980-7AEB-47B9-A827-8DA0035012AA}.Release|Any CPU.Build.0 = Release|Any CPU
	EndGlobalSection
	GlobalSection(SolutionProperties) = preSolution
		HideSolutionNode = FALSE
	EndGlobalSection
	GlobalSection(NestedProjects) = preSolution
		{721840DE-78FC-46CF-8005-869A5F693C2C} = {3DE2B983-3BD4-4D41-92C5-B8046ABC8A17}
		{46D697DD-7507-4E5A-9971-3A7B40ECCB31} = {721840DE-78FC-46CF-8005-869A5F693C2C}
		{2579646E-403D-4795-9F40-C478C180980D} = {5894DB6F-161C-4813-A091-0B5D3FEC2A31}
	EndGlobalSection
	GlobalSection(ExtensibilityGlobals) = postSolution
		SolutionGuid = {41F8FDD8-3630-4717-A0BD-B29BA950C380}
	EndGlobalSection
EndGlobal
