
Microsoft Visual Studio Solution File, Format Version 12.00
# Visual Studio Version 17
VisualStudioVersion = 17.11.34929.205
MinimumVisualStudioVersion = 10.0.40219.1
Project("{2150E333-8FDC-42A3-9474-1A3956D46DE8}") = "Services", "Services", "{3DE2B983-3BD4-4D41-92C5-B8046ABC8A17}"
EndProject
Project("{2150E333-8FDC-42A3-9474-1A3956D46DE8}") = "Catalog", "Catalog", "{721840DE-78FC-46CF-8005-869A5F693C2C}"
EndProject
Project("{9A19103F-16F7-4668-BE54-9A1E7A4F7556}") = "Catalog.API", "Services\Catalog\Catalog.API\Catalog.API.csproj", "{46D697DD-7507-4E5A-9971-3A7B40ECCB31}"
EndProject
Project("{2150E333-8FDC-42A3-9474-1A3956D46DE8}") = "BuildingBlocks", "BuildingBlocks", "{5894DB6F-161C-4813-A091-0B5D3FEC2A31}"
EndProject
Project("{9A19103F-16F7-4668-BE54-9A1E7A4F7556}") = "BuildingBlocks", "BuildingBlocks\BuildingBlocks\BuildingBlocks.csproj", "{2579646E-403D-4795-9F40-C478C180980D}"
EndProject
Project("{E53339B2-1760-4266-BCC7-CA923CBCF16C}") = "docker-compose", "docker-compose.dcproj", "{B5982980-7AEB-47B9-A827-8DA0035012AA}"
EndProject
Project("{2150E333-8FDC-42A3-9474-1A3956D46DE8}") = "Basket", "Basket", "{F5724F58-6297-42B8-8114-2E323CDA3F93}"
EndProject
Project("{9A19103F-16F7-4668-BE54-9A1E7A4F7556}") = "Basket.API", "Services\Basket\Basket.API\Basket.API.csproj", "{5E6398BA-0BAA-4B0F-8458-58D0DF181098}"
EndProject
Project("{2150E333-8FDC-42A3-9474-1A3956D46DE8}") = "Discount", "Discount", "{FB925E4E-FE82-4157-9613-83E12949BA9D}"
EndProject
Project("{9A19103F-16F7-4668-BE54-9A1E7A4F7556}") = "Discount.Grpc", "Services\Discount\Discount.Grpc\Discount.Grpc.csproj", "{D0C41712-8FFD-40BE-8766-8567953E412C}"
EndProject
Project("{2150E333-8FDC-42A3-9474-1A3956D46DE8}") = "Ordering", "Ordering", "{A7577665-6641-4FB5-8CB4-0310A87FE578}"
EndProject
Project("{9A19103F-16F7-4668-BE54-9A1E7A4F7556}") = "Ordering.API", "Services\Ordering\Ordering.API\Ordering.API.csproj", "{40D64CAD-1A4F-44B3-B535-D58EF49F6A8C}"
EndProject
Project("{9A19103F-16F7-4668-BE54-9A1E7A4F7556}") = "Ordering.Domain", "Services\Ordering\Ordering.Domain\Ordering.Domain.csproj", "{4D61F960-5954-403A-933A-20A5199179A8}"
EndProject
Project("{9A19103F-16F7-4668-BE54-9A1E7A4F7556}") = "Ordering.Application", "Services\Ordering\Ordering.Application\Ordering.Application.csproj", "{C32CFB24-7486-48A3-B8D3-9967C0E55976}"
EndProject
Project("{9A19103F-16F7-4668-BE54-9A1E7A4F7556}") = "Ordering.Infrastructure", "Services\Ordering\Ordering.Infrastructure\Ordering.Infrastructure.csproj", "{6DE3C20A-2E8C-47EF-B625-276A6B18B9ED}"
EndProject
Project("{9A19103F-16F7-4668-BE54-9A1E7A4F7556}") = "BuildingBlocks.Messaging", "BuildingBlocks\BuildingBlocks.Messaging\BuildingBlocks.Messaging.csproj", "{95A00961-677B-43ED-B5BF-21674E54B302}"
EndProject
Project("{2150E333-8FDC-42A3-9474-1A3956D46DE8}") = "Finance", "Finance", "{96D14E08-413E-49CB-AC6D-A81457C4BC23}"
EndProject
Project("{9A19103F-16F7-4668-BE54-9A1E7A4F7556}") = "Finance.API", "Services\Finance\Finance.API\Finance.API.csproj", "{250D9380-BEA8-474D-B296-DB5CA491A377}"
EndProject
Project("{2150E333-8FDC-42A3-9474-1A3956D46DE8}") = "JobScheduler", "JobScheduler", "{6A5679B6-B93A-4113-81A5-4D5CBCB618F0}"
EndProject
Project("{9A19103F-16F7-4668-BE54-9A1E7A4F7556}") = "JobScheduler.API", "Services\JobScheduler\JobScheduler.API\JobScheduler.API.csproj", "{C4C53A97-DC67-4B1A-A9D4-03F45F8A696F}"
EndProject
Global
	GlobalSection(SolutionConfigurationPlatforms) = preSolution
		Debug|Any CPU = Debug|Any CPU
		Release|Any CPU = Release|Any CPU
	EndGlobalSection
	GlobalSection(ProjectConfigurationPlatforms) = postSolution
		{46D697DD-7507-4E5A-9971-3A7B40ECCB31}.Debug|Any CPU.ActiveCfg = Debug|Any CPU
		{46D697DD-7507-4E5A-9971-3A7B40ECCB31}.Debug|Any CPU.Build.0 = Debug|Any CPU
		{46D697DD-7507-4E5A-9971-3A7B40ECCB31}.Release|Any CPU.ActiveCfg = Release|Any CPU
		{46D697DD-7507-4E5A-9971-3A7B40ECCB31}.Release|Any CPU.Build.0 = Release|Any CPU
		{2579646E-403D-4795-9F40-C478C180980D}.Debug|Any CPU.ActiveCfg = Debug|Any CPU
		{2579646E-403D-4795-9F40-C478C180980D}.Debug|Any CPU.Build.0 = Debug|Any CPU
		{2579646E-403D-4795-9F40-C478C180980D}.Release|Any CPU.ActiveCfg = Release|Any CPU
		{2579646E-403D-4795-9F40-C478C180980D}.Release|Any CPU.Build.0 = Release|Any CPU
		{B5982980-7AEB-47B9-A827-8DA0035012AA}.Debug|Any CPU.ActiveCfg = Debug|Any CPU
		{B5982980-7AEB-47B9-A827-8DA0035012AA}.Debug|Any CPU.Build.0 = Debug|Any CPU
		{B5982980-7AEB-47B9-A827-8DA0035012AA}.Release|Any CPU.ActiveCfg = Release|Any CPU
		{B5982980-7AEB-47B9-A827-8DA0035012AA}.Release|Any CPU.Build.0 = Release|Any CPU
		{5E6398BA-0BAA-4B0F-8458-58D0DF181098}.Debug|Any CPU.ActiveCfg = Debug|Any CPU
		{5E6398BA-0BAA-4B0F-8458-58D0DF181098}.Debug|Any CPU.Build.0 = Debug|Any CPU
		{5E6398BA-0BAA-4B0F-8458-58D0DF181098}.Release|Any CPU.ActiveCfg = Release|Any CPU
		{5E6398BA-0BAA-4B0F-8458-58D0DF181098}.Release|Any CPU.Build.0 = Release|Any CPU
		{D0C41712-8FFD-40BE-8766-8567953E412C}.Debug|Any CPU.ActiveCfg = Debug|Any CPU
		{D0C41712-8FFD-40BE-8766-8567953E412C}.Debug|Any CPU.Build.0 = Debug|Any CPU
		{D0C41712-8FFD-40BE-8766-8567953E412C}.Release|Any CPU.ActiveCfg = Release|Any CPU
		{D0C41712-8FFD-40BE-8766-8567953E412C}.Release|Any CPU.Build.0 = Release|Any CPU
		{40D64CAD-1A4F-44B3-B535-D58EF49F6A8C}.Debug|Any CPU.ActiveCfg = Debug|Any CPU
		{40D64CAD-1A4F-44B3-B535-D58EF49F6A8C}.Debug|Any CPU.Build.0 = Debug|Any CPU
		{40D64CAD-1A4F-44B3-B535-D58EF49F6A8C}.Release|Any CPU.ActiveCfg = Release|Any CPU
		{40D64CAD-1A4F-44B3-B535-D58EF49F6A8C}.Release|Any CPU.Build.0 = Release|Any CPU
		{4D61F960-5954-403A-933A-20A5199179A8}.Debug|Any CPU.ActiveCfg = Debug|Any CPU
		{4D61F960-5954-403A-933A-20A5199179A8}.Debug|Any CPU.Build.0 = Debug|Any CPU
		{4D61F960-5954-403A-933A-20A5199179A8}.Release|Any CPU.ActiveCfg = Release|Any CPU
		{4D61F960-5954-403A-933A-20A5199179A8}.Release|Any CPU.Build.0 = Release|Any CPU
		{C32CFB24-7486-48A3-B8D3-9967C0E55976}.Debug|Any CPU.ActiveCfg = Debug|Any CPU
		{C32CFB24-7486-48A3-B8D3-9967C0E55976}.Debug|Any CPU.Build.0 = Debug|Any CPU
		{C32CFB24-7486-48A3-B8D3-9967C0E55976}.Release|Any CPU.ActiveCfg = Release|Any CPU
		{C32CFB24-7486-48A3-B8D3-9967C0E55976}.Release|Any CPU.Build.0 = Release|Any CPU
		{6DE3C20A-2E8C-47EF-B625-276A6B18B9ED}.Debug|Any CPU.ActiveCfg = Debug|Any CPU
		{6DE3C20A-2E8C-47EF-B625-276A6B18B9ED}.Debug|Any CPU.Build.0 = Debug|Any CPU
		{6DE3C20A-2E8C-47EF-B625-276A6B18B9ED}.Release|Any CPU.ActiveCfg = Release|Any CPU
		{6DE3C20A-2E8C-47EF-B625-276A6B18B9ED}.Release|Any CPU.Build.0 = Release|Any CPU
		{95A00961-677B-43ED-B5BF-21674E54B302}.Debug|Any CPU.ActiveCfg = Debug|Any CPU
		{95A00961-677B-43ED-B5BF-21674E54B302}.Debug|Any CPU.Build.0 = Debug|Any CPU
		{95A00961-677B-43ED-B5BF-21674E54B302}.Release|Any CPU.ActiveCfg = Release|Any CPU
		{95A00961-677B-43ED-B5BF-21674E54B302}.Release|Any CPU.Build.0 = Release|Any CPU
		{250D9380-BEA8-474D-B296-DB5CA491A377}.Debug|Any CPU.ActiveCfg = Debug|Any CPU
		{250D9380-BEA8-474D-B296-DB5CA491A377}.Debug|Any CPU.Build.0 = Debug|Any CPU
		{250D9380-BEA8-474D-B296-DB5CA491A377}.Release|Any CPU.ActiveCfg = Release|Any CPU
		{250D9380-BEA8-474D-B296-DB5CA491A377}.Release|Any CPU.Build.0 = Release|Any CPU
		{C4C53A97-DC67-4B1A-A9D4-03F45F8A696F}.Debug|Any CPU.ActiveCfg = Debug|Any CPU
		{C4C53A97-DC67-4B1A-A9D4-03F45F8A696F}.Debug|Any CPU.Build.0 = Debug|Any CPU
		{C4C53A97-DC67-4B1A-A9D4-03F45F8A696F}.Release|Any CPU.ActiveCfg = Release|Any CPU
		{C4C53A97-DC67-4B1A-A9D4-03F45F8A696F}.Release|Any CPU.Build.0 = Release|Any CPU
	EndGlobalSection
	GlobalSection(SolutionProperties) = preSolution
		HideSolutionNode = FALSE
	EndGlobalSection
	GlobalSection(NestedProjects) = preSolution
		{721840DE-78FC-46CF-8005-869A5F693C2C} = {3DE2B983-3BD4-4D41-92C5-B8046ABC8A17}
		{46D697DD-7507-4E5A-9971-3A7B40ECCB31} = {721840DE-78FC-46CF-8005-869A5F693C2C}
		{2579646E-403D-4795-9F40-C478C180980D} = {5894DB6F-161C-4813-A091-0B5D3FEC2A31}
		{F5724F58-6297-42B8-8114-2E323CDA3F93} = {3DE2B983-3BD4-4D41-92C5-B8046ABC8A17}
		{5E6398BA-0BAA-4B0F-8458-58D0DF181098} = {F5724F58-6297-42B8-8114-2E323CDA3F93}
		{FB925E4E-FE82-4157-9613-83E12949BA9D} = {3DE2B983-3BD4-4D41-92C5-B8046ABC8A17}
		{D0C41712-8FFD-40BE-8766-8567953E412C} = {FB925E4E-FE82-4157-9613-83E12949BA9D}
		{A7577665-6641-4FB5-8CB4-0310A87FE578} = {3DE2B983-3BD4-4D41-92C5-B8046ABC8A17}
		{40D64CAD-1A4F-44B3-B535-D58EF49F6A8C} = {A7577665-6641-4FB5-8CB4-0310A87FE578}
		{4D61F960-5954-403A-933A-20A5199179A8} = {A7577665-6641-4FB5-8CB4-0310A87FE578}
		{C32CFB24-7486-48A3-B8D3-9967C0E55976} = {A7577665-6641-4FB5-8CB4-0310A87FE578}
		{6DE3C20A-2E8C-47EF-B625-276A6B18B9ED} = {A7577665-6641-4FB5-8CB4-0310A87FE578}
		{95A00961-677B-43ED-B5BF-21674E54B302} = {5894DB6F-161C-4813-A091-0B5D3FEC2A31}
		{96D14E08-413E-49CB-AC6D-A81457C4BC23} = {3DE2B983-3BD4-4D41-92C5-B8046ABC8A17}
		{250D9380-BEA8-474D-B296-DB5CA491A377} = {96D14E08-413E-49CB-AC6D-A81457C4BC23}
		{6A5679B6-B93A-4113-81A5-4D5CBCB618F0} = {3DE2B983-3BD4-4D41-92C5-B8046ABC8A17}
		{C4C53A97-DC67-4B1A-A9D4-03F45F8A696F} = {6A5679B6-B93A-4113-81A5-4D5CBCB618F0}
	EndGlobalSection
	GlobalSection(ExtensibilityGlobals) = postSolution
		SolutionGuid = {41F8FDD8-3630-4717-A0BD-B29BA950C380}
	EndGlobalSection
EndGlobal
